
Microsoft Visual Studio Solution File, Format Version 12.00
# Visual Studio Version 17
VisualStudioVersion = 17.4.33205.214
MinimumVisualStudioVersion = 10.0.40219.1
Project("{FAE04EC0-301F-11D3-BF4B-00C04F79EFBC}") = "MDRG Analyzer", "MDRG Analyzer\MDRG Analyzer.csproj", "{602C5205-8AF0-409C-962E-1A8CF4C7108C}"
EndProject
Global
	GlobalSection(SolutionConfigurationPlatforms) = preSolution
		Debug|Any CPU = Debug|Any CPU
		Release|Any CPU = Release|Any CPU
	EndGlobalSection
	GlobalSection(ProjectConfigurationPlatforms) = postSolution
		{602C5205-8AF0-409C-962E-1A8CF4C7108C}.Debug|Any CPU.ActiveCfg = Debug|Any CPU
		{602C5205-8AF0-409C-962E-1A8CF4C7108C}.Debug|Any CPU.Build.0 = Debug|Any CPU
		{602C5205-8AF0-409C-962E-1A8CF4C7108C}.Release|Any CPU.ActiveCfg = Release|Any CPU
		{602C5205-8AF0-409C-962E-1A8CF4C7108C}.Release|Any CPU.Build.0 = Release|Any CPU
	EndGlobalSection
	GlobalSection(SolutionProperties) = preSolution
		HideSolutionNode = FALSE
	EndGlobalSection
	GlobalSection(ExtensibilityGlobals) = postSolution
		SolutionGuid = {199B701D-E220-4D4A-A2CC-99B69FEB8313}
	EndGlobalSection
EndGlobal
